
Microsoft Visual Studio Solution File, Format Version 12.00
# Visual Studio Version 17
VisualStudioVersion = 17.14.36908.2 d17.14
MinimumVisualStudioVersion = 10.0.40219.1
Project("{FAE04EC0-301F-11D3-BF4B-00C04F79EFBC}") = "ConverterTests", "ConverterTests\ConverterTests.csproj", "{EA8144FC-6499-4C91-85DB-409FE623F709}"
EndProject
Global
	GlobalSection(SolutionConfigurationPlatforms) = preSolution
		Debug|Any CPU = Debug|Any CPU
		Release|Any CPU = Release|Any CPU
	EndGlobalSection
	GlobalSection(ProjectConfigurationPlatforms) = postSolution
		{EA8144FC-6499-4C91-85DB-409FE623F709}.Debug|Any CPU.ActiveCfg = Debug|Any CPU
		{EA8144FC-6499-4C91-85DB-409FE623F709}.Debug|Any CPU.Build.0 = Debug|Any CPU
		{EA8144FC-6499-4C91-85DB-409FE623F709}.Release|Any CPU.ActiveCfg = Release|Any CPU
		{EA8144FC-6499-4C91-85DB-409FE623F709}.Release|Any CPU.Build.0 = Release|Any CPU
	EndGlobalSection
	GlobalSection(SolutionProperties) = preSolution
		HideSolutionNode = FALSE
	EndGlobalSection
	GlobalSection(ExtensibilityGlobals) = postSolution
		SolutionGuid = {C0FA0947-F046-4D13-9097-7F1A484E01A7}
	EndGlobalSection
EndGlobal
