
Microsoft Visual Studio Solution File, Format Version 12.00
# Visual Studio Version 17
VisualStudioVersion = 17.14.36908.2 d17.14
MinimumVisualStudioVersion = 10.0.40219.1
Project("{FAE04EC0-301F-11D3-BF4B-00C04F79EFBC}") = "ConverterApp", "ConverterApp\ConverterApp.csproj", "{7A5919EF-0FB0-43AD-9391-C2DE2A495D2F}"
EndProject
Global
	GlobalSection(SolutionConfigurationPlatforms) = preSolution
		Debug|Any CPU = Debug|Any CPU
		Release|Any CPU = Release|Any CPU
	EndGlobalSection
	GlobalSection(ProjectConfigurationPlatforms) = postSolution
		{7A5919EF-0FB0-43AD-9391-C2DE2A495D2F}.Debug|Any CPU.ActiveCfg = Debug|Any CPU
		{7A5919EF-0FB0-43AD-9391-C2DE2A495D2F}.Debug|Any CPU.Build.0 = Debug|Any CPU
		{7A5919EF-0FB0-43AD-9391-C2DE2A495D2F}.Release|Any CPU.ActiveCfg = Release|Any CPU
		{7A5919EF-0FB0-43AD-9391-C2DE2A495D2F}.Release|Any CPU.Build.0 = Release|Any CPU
	EndGlobalSection
	GlobalSection(SolutionProperties) = preSolution
		HideSolutionNode = FALSE
	EndGlobalSection
	GlobalSection(ExtensibilityGlobals) = postSolution
		SolutionGuid = {F93BA2D7-8DB1-41D8-9BF9-F214EC79DD15}
	EndGlobalSection
EndGlobal
